// !$*UTF8*$!
{
	archiveVersion = 1;
	classes = {
	};
	objectVersion = 50;
	objects = {

/* Begin PBXBuildFile section */
		176D95A024ABA0DB005786CD /* CollectionViewController.swift in Sources */ = {isa = PBXBuildFile; fileRef = 176D959F24ABA0DB005786CD /* CollectionViewController.swift */; };
		176D95A224ABA1BA005786CD /* CollectionViewCell.swift in Sources */ = {isa = PBXBuildFile; fileRef = 176D95A124ABA1BA005786CD /* CollectionViewCell.swift */; };
		176D95A424ABA22C005786CD /* CollectionReusableView.swift in Sources */ = {isa = PBXBuildFile; fileRef = 176D95A324ABA22C005786CD /* CollectionReusableView.swift */; };
		7D96C13E24AB704A006FB6AF /* PausasDataCollectionViewCell.swift in Sources */ = {isa = PBXBuildFile; fileRef = 7D96C13D24AB704A006FB6AF /* PausasDataCollectionViewCell.swift */; };
		7D96C14024AB829B006FB6AF /* PausasViewController.swift in Sources */ = {isa = PBXBuildFile; fileRef = 7D96C13F24AB829B006FB6AF /* PausasViewController.swift */; };
		BE6DB4AA24AA32010002E56F /* TabBar.storyboard in Resources */ = {isa = PBXBuildFile; fileRef = BE6DB4A924AA32010002E56F /* TabBar.storyboard */; };
		BE6DB4AC24AA32720002E56F /* PausasTabBar.storyboard in Resources */ = {isa = PBXBuildFile; fileRef = BE6DB4AB24AA32720002E56F /* PausasTabBar.storyboard */; };
		BE6DB4AE24AA32840002E56F /* SeuCeuTabBar.storyboard in Resources */ = {isa = PBXBuildFile; fileRef = BE6DB4AD24AA32840002E56F /* SeuCeuTabBar.storyboard */; };
		BE6DB4B024AA32910002E56F /* VoceTabBar.storyboard in Resources */ = {isa = PBXBuildFile; fileRef = BE6DB4AF24AA32910002E56F /* VoceTabBar.storyboard */; };
		BE6DB4B224AA3BD70002E56F /* Timer.storyboard in Resources */ = {isa = PBXBuildFile; fileRef = BE6DB4B124AA3BD70002E56F /* Timer.storyboard */; };
		BE6DB4D424AB5C9E0002E56F /* TimerViewController.swift in Sources */ = {isa = PBXBuildFile; fileRef = BE6DB4D324AB5C9E0002E56F /* TimerViewController.swift */; };
		BE6DB4D624ABA4A80002E56F /* Feedback.storyboard in Resources */ = {isa = PBXBuildFile; fileRef = BE6DB4D524ABA4A80002E56F /* Feedback.storyboard */; };
		BE8DB3FE24A6115A00ADB966 /* Onboarding.storyboard in Resources */ = {isa = PBXBuildFile; fileRef = BE8DB3FD24A6115A00ADB966 /* Onboarding.storyboard */; };
		BE8DB40024A612C200ADB966 /* CustomPageViewController.swift in Sources */ = {isa = PBXBuildFile; fileRef = BE8DB3FF24A612C200ADB966 /* CustomPageViewController.swift */; };
		BE8DB40224A6132100ADB966 /* DataViewController.swift in Sources */ = {isa = PBXBuildFile; fileRef = BE8DB40124A6132100ADB966 /* DataViewController.swift */; };
		BE8DB40424A625CC00ADB966 /* OnboardingDelegateViewController.swift in Sources */ = {isa = PBXBuildFile; fileRef = BE8DB40324A625CC00ADB966 /* OnboardingDelegateViewController.swift */; };
		BEA262D724995BCE007F147C /* AppDelegate.swift in Sources */ = {isa = PBXBuildFile; fileRef = BEA262D624995BCE007F147C /* AppDelegate.swift */; };
		BEA262D924995BCE007F147C /* SceneDelegate.swift in Sources */ = {isa = PBXBuildFile; fileRef = BEA262D824995BCE007F147C /* SceneDelegate.swift */; };
		BEA262DB24995BCE007F147C /* ViewController.swift in Sources */ = {isa = PBXBuildFile; fileRef = BEA262DA24995BCE007F147C /* ViewController.swift */; };
		BEA262DE24995BCE007F147C /* Main.storyboard in Resources */ = {isa = PBXBuildFile; fileRef = BEA262DC24995BCE007F147C /* Main.storyboard */; };
		BEA262E124995BCE007F147C /* cloudy_app.xcdatamodeld in Sources */ = {isa = PBXBuildFile; fileRef = BEA262DF24995BCE007F147C /* cloudy_app.xcdatamodeld */; };
		BEA262E324995BD2007F147C /* Assets.xcassets in Resources */ = {isa = PBXBuildFile; fileRef = BEA262E224995BD2007F147C /* Assets.xcassets */; };
		BEA262E624995BD2007F147C /* LaunchScreen.storyboard in Resources */ = {isa = PBXBuildFile; fileRef = BEA262E424995BD2007F147C /* LaunchScreen.storyboard */; };
		BEA262F124995BD2007F147C /* cloudy_appTests.swift in Sources */ = {isa = PBXBuildFile; fileRef = BEA262F024995BD2007F147C /* cloudy_appTests.swift */; };
		BEA262FC24995BD2007F147C /* cloudy_appUITests.swift in Sources */ = {isa = PBXBuildFile; fileRef = BEA262FB24995BD2007F147C /* cloudy_appUITests.swift */; };
/* End PBXBuildFile section */

/* Begin PBXContainerItemProxy section */
		BEA262ED24995BD2007F147C /* PBXContainerItemProxy */ = {
			isa = PBXContainerItemProxy;
			containerPortal = BEA262CB24995BCE007F147C /* Project object */;
			proxyType = 1;
			remoteGlobalIDString = BEA262D224995BCE007F147C;
			remoteInfo = "cloudy-app";
		};
		BEA262F824995BD2007F147C /* PBXContainerItemProxy */ = {
			isa = PBXContainerItemProxy;
			containerPortal = BEA262CB24995BCE007F147C /* Project object */;
			proxyType = 1;
			remoteGlobalIDString = BEA262D224995BCE007F147C;
			remoteInfo = "cloudy-app";
		};
/* End PBXContainerItemProxy section */

/* Begin PBXFileReference section */
		176D959F24ABA0DB005786CD /* CollectionViewController.swift */ = {isa = PBXFileReference; lastKnownFileType = sourcecode.swift; path = CollectionViewController.swift; sourceTree = "<group>"; };
		176D95A124ABA1BA005786CD /* CollectionViewCell.swift */ = {isa = PBXFileReference; lastKnownFileType = sourcecode.swift; path = CollectionViewCell.swift; sourceTree = "<group>"; };
		176D95A324ABA22C005786CD /* CollectionReusableView.swift */ = {isa = PBXFileReference; lastKnownFileType = sourcecode.swift; path = CollectionReusableView.swift; sourceTree = "<group>"; };
		7D96C13D24AB704A006FB6AF /* PausasDataCollectionViewCell.swift */ = {isa = PBXFileReference; lastKnownFileType = sourcecode.swift; path = PausasDataCollectionViewCell.swift; sourceTree = "<group>"; };
		7D96C13F24AB829B006FB6AF /* PausasViewController.swift */ = {isa = PBXFileReference; lastKnownFileType = sourcecode.swift; path = PausasViewController.swift; sourceTree = "<group>"; };
		BE6DB4A924AA32010002E56F /* TabBar.storyboard */ = {isa = PBXFileReference; lastKnownFileType = file.storyboard; path = TabBar.storyboard; sourceTree = "<group>"; };
		BE6DB4AB24AA32720002E56F /* PausasTabBar.storyboard */ = {isa = PBXFileReference; lastKnownFileType = file.storyboard; path = PausasTabBar.storyboard; sourceTree = "<group>"; };
		BE6DB4AD24AA32840002E56F /* SeuCeuTabBar.storyboard */ = {isa = PBXFileReference; lastKnownFileType = file.storyboard; path = SeuCeuTabBar.storyboard; sourceTree = "<group>"; };
		BE6DB4AF24AA32910002E56F /* VoceTabBar.storyboard */ = {isa = PBXFileReference; lastKnownFileType = file.storyboard; path = VoceTabBar.storyboard; sourceTree = "<group>"; };
		BE6DB4B124AA3BD70002E56F /* Timer.storyboard */ = {isa = PBXFileReference; lastKnownFileType = file.storyboard; path = Timer.storyboard; sourceTree = "<group>"; };
		BE6DB4D324AB5C9E0002E56F /* TimerViewController.swift */ = {isa = PBXFileReference; lastKnownFileType = sourcecode.swift; path = TimerViewController.swift; sourceTree = "<group>"; };
		BE6DB4D524ABA4A80002E56F /* Feedback.storyboard */ = {isa = PBXFileReference; lastKnownFileType = file.storyboard; path = Feedback.storyboard; sourceTree = "<group>"; };
		BE8DB3FD24A6115A00ADB966 /* Onboarding.storyboard */ = {isa = PBXFileReference; lastKnownFileType = file.storyboard; path = Onboarding.storyboard; sourceTree = "<group>"; };
		BE8DB3FF24A612C200ADB966 /* CustomPageViewController.swift */ = {isa = PBXFileReference; lastKnownFileType = sourcecode.swift; path = CustomPageViewController.swift; sourceTree = "<group>"; };
		BE8DB40124A6132100ADB966 /* DataViewController.swift */ = {isa = PBXFileReference; lastKnownFileType = sourcecode.swift; path = DataViewController.swift; sourceTree = "<group>"; };
		BE8DB40324A625CC00ADB966 /* OnboardingDelegateViewController.swift */ = {isa = PBXFileReference; lastKnownFileType = sourcecode.swift; path = OnboardingDelegateViewController.swift; sourceTree = "<group>"; };
		BEA262D324995BCE007F147C /* cloudy-app.app */ = {isa = PBXFileReference; explicitFileType = wrapper.application; includeInIndex = 0; path = "cloudy-app.app"; sourceTree = BUILT_PRODUCTS_DIR; };
		BEA262D624995BCE007F147C /* AppDelegate.swift */ = {isa = PBXFileReference; lastKnownFileType = sourcecode.swift; path = AppDelegate.swift; sourceTree = "<group>"; };
		BEA262D824995BCE007F147C /* SceneDelegate.swift */ = {isa = PBXFileReference; lastKnownFileType = sourcecode.swift; path = SceneDelegate.swift; sourceTree = "<group>"; };
		BEA262DA24995BCE007F147C /* ViewController.swift */ = {isa = PBXFileReference; lastKnownFileType = sourcecode.swift; path = ViewController.swift; sourceTree = "<group>"; };
		BEA262DD24995BCE007F147C /* Base */ = {isa = PBXFileReference; lastKnownFileType = file.storyboard; name = Base; path = Base.lproj/Main.storyboard; sourceTree = "<group>"; };
		BEA262E024995BCE007F147C /* cloudy_app.xcdatamodel */ = {isa = PBXFileReference; lastKnownFileType = wrapper.xcdatamodel; path = cloudy_app.xcdatamodel; sourceTree = "<group>"; };
		BEA262E224995BD2007F147C /* Assets.xcassets */ = {isa = PBXFileReference; lastKnownFileType = folder.assetcatalog; path = Assets.xcassets; sourceTree = "<group>"; };
		BEA262E524995BD2007F147C /* Base */ = {isa = PBXFileReference; lastKnownFileType = file.storyboard; name = Base; path = Base.lproj/LaunchScreen.storyboard; sourceTree = "<group>"; };
		BEA262E724995BD2007F147C /* Info.plist */ = {isa = PBXFileReference; lastKnownFileType = text.plist.xml; path = Info.plist; sourceTree = "<group>"; };
		BEA262EC24995BD2007F147C /* cloudy-appTests.xctest */ = {isa = PBXFileReference; explicitFileType = wrapper.cfbundle; includeInIndex = 0; path = "cloudy-appTests.xctest"; sourceTree = BUILT_PRODUCTS_DIR; };
		BEA262F024995BD2007F147C /* cloudy_appTests.swift */ = {isa = PBXFileReference; lastKnownFileType = sourcecode.swift; path = cloudy_appTests.swift; sourceTree = "<group>"; };
		BEA262F224995BD2007F147C /* Info.plist */ = {isa = PBXFileReference; lastKnownFileType = text.plist.xml; path = Info.plist; sourceTree = "<group>"; };
		BEA262F724995BD2007F147C /* cloudy-appUITests.xctest */ = {isa = PBXFileReference; explicitFileType = wrapper.cfbundle; includeInIndex = 0; path = "cloudy-appUITests.xctest"; sourceTree = BUILT_PRODUCTS_DIR; };
		BEA262FB24995BD2007F147C /* cloudy_appUITests.swift */ = {isa = PBXFileReference; lastKnownFileType = sourcecode.swift; path = cloudy_appUITests.swift; sourceTree = "<group>"; };
		BEA262FD24995BD2007F147C /* Info.plist */ = {isa = PBXFileReference; lastKnownFileType = text.plist.xml; path = Info.plist; sourceTree = "<group>"; };
/* End PBXFileReference section */

/* Begin PBXFrameworksBuildPhase section */
		BEA262D024995BCE007F147C /* Frameworks */ = {
			isa = PBXFrameworksBuildPhase;
			buildActionMask = 2147483647;
			files = (
			);
			runOnlyForDeploymentPostprocessing = 0;
		};
		BEA262E924995BD2007F147C /* Frameworks */ = {
			isa = PBXFrameworksBuildPhase;
			buildActionMask = 2147483647;
			files = (
			);
			runOnlyForDeploymentPostprocessing = 0;
		};
		BEA262F424995BD2007F147C /* Frameworks */ = {
			isa = PBXFrameworksBuildPhase;
			buildActionMask = 2147483647;
			files = (
			);
			runOnlyForDeploymentPostprocessing = 0;
		};
/* End PBXFrameworksBuildPhase section */

/* Begin PBXGroup section */
		176D95A524ABA7E2005786CD /* Voce-Controllers */ = {
			isa = PBXGroup;
			children = (
				176D959F24ABA0DB005786CD /* CollectionViewController.swift */,
				176D95A124ABA1BA005786CD /* CollectionViewCell.swift */,
				176D95A324ABA22C005786CD /* CollectionReusableView.swift */,
			);
			path = "Voce-Controllers";
			sourceTree = "<group>";
		};
		BE335BE824A2907D003287AF /* Model */ = {
			isa = PBXGroup;
			children = (
				BE335BED24A29402003287AF /* Settings */,
				BE335BEC24A293E7003287AF /* Database */,
				BE335BEB24A293D2003287AF /* Classes */,
			);
			path = Model;
			sourceTree = "<group>";
		};
		BE335BE924A290A8003287AF /* View */ = {
			isa = PBXGroup;
			children = (
				BEA262DC24995BCE007F147C /* Main.storyboard */,
				BEA262E424995BD2007F147C /* LaunchScreen.storyboard */,
				BE8DB3FD24A6115A00ADB966 /* Onboarding.storyboard */,
				BE6DB4A924AA32010002E56F /* TabBar.storyboard */,
				BE6DB4AB24AA32720002E56F /* PausasTabBar.storyboard */,
				BE6DB4AD24AA32840002E56F /* SeuCeuTabBar.storyboard */,
				BE6DB4AF24AA32910002E56F /* VoceTabBar.storyboard */,
				BE6DB4B124AA3BD70002E56F /* Timer.storyboard */,
				BE6DB4D524ABA4A80002E56F /* Feedback.storyboard */,
			);
			path = View;
			sourceTree = "<group>";
		};
		BE335BEA24A2910B003287AF /* Controller */ = {
			isa = PBXGroup;
			children = (
				BEA262D624995BCE007F147C /* AppDelegate.swift */,
				BEA262DA24995BCE007F147C /* ViewController.swift */,
				BEA262D824995BCE007F147C /* SceneDelegate.swift */,
				BE8DB3FF24A612C200ADB966 /* CustomPageViewController.swift */,
				BE8DB40124A6132100ADB966 /* DataViewController.swift */,
				BE8DB40324A625CC00ADB966 /* OnboardingDelegateViewController.swift */,
				176D95A524ABA7E2005786CD /* Voce-Controllers */,
				BE6DB4D324AB5C9E0002E56F /* TimerViewController.swift */,
				7D96C13D24AB704A006FB6AF /* PausasDataCollectionViewCell.swift */,
				7D96C13F24AB829B006FB6AF /* PausasViewController.swift */,
			);
			path = Controller;
			sourceTree = "<group>";
		};
		BE335BEB24A293D2003287AF /* Classes */ = {
			isa = PBXGroup;
			children = (
			);
			path = Classes;
			sourceTree = "<group>";
		};
		BE335BEC24A293E7003287AF /* Database */ = {
			isa = PBXGroup;
			children = (
				BEA262DF24995BCE007F147C /* cloudy_app.xcdatamodeld */,
			);
			path = Database;
			sourceTree = "<group>";
		};
		BE335BED24A29402003287AF /* Settings */ = {
			isa = PBXGroup;
			children = (
				BEA262E224995BD2007F147C /* Assets.xcassets */,
			);
			path = Settings;
			sourceTree = "<group>";
		};
		BEA262CA24995BCE007F147C = {
			isa = PBXGroup;
			children = (
				BEA262D524995BCE007F147C /* cloudy-app */,
				BEA262EF24995BD2007F147C /* cloudy-appTests */,
				BEA262FA24995BD2007F147C /* cloudy-appUITests */,
				BEA262D424995BCE007F147C /* Products */,
			);
			sourceTree = "<group>";
		};
		BEA262D424995BCE007F147C /* Products */ = {
			isa = PBXGroup;
			children = (
				BEA262D324995BCE007F147C /* cloudy-app.app */,
				BEA262EC24995BD2007F147C /* cloudy-appTests.xctest */,
				BEA262F724995BD2007F147C /* cloudy-appUITests.xctest */,
			);
			name = Products;
			sourceTree = "<group>";
		};
		BEA262D524995BCE007F147C /* cloudy-app */ = {
			isa = PBXGroup;
			children = (
				BEA262E724995BD2007F147C /* Info.plist */,
				BE335BE824A2907D003287AF /* Model */,
				BE335BE924A290A8003287AF /* View */,
				BE335BEA24A2910B003287AF /* Controller */,
			);
			path = "cloudy-app";
			sourceTree = "<group>";
		};
		BEA262EF24995BD2007F147C /* cloudy-appTests */ = {
			isa = PBXGroup;
			children = (
				BEA262F024995BD2007F147C /* cloudy_appTests.swift */,
				BEA262F224995BD2007F147C /* Info.plist */,
			);
			path = "cloudy-appTests";
			sourceTree = "<group>";
		};
		BEA262FA24995BD2007F147C /* cloudy-appUITests */ = {
			isa = PBXGroup;
			children = (
				BEA262FB24995BD2007F147C /* cloudy_appUITests.swift */,
				BEA262FD24995BD2007F147C /* Info.plist */,
			);
			path = "cloudy-appUITests";
			sourceTree = "<group>";
		};
/* End PBXGroup section */

/* Begin PBXNativeTarget section */
		BEA262D224995BCE007F147C /* cloudy-app */ = {
			isa = PBXNativeTarget;
			buildConfigurationList = BEA2630024995BD2007F147C /* Build configuration list for PBXNativeTarget "cloudy-app" */;
			buildPhases = (
				BEA262CF24995BCE007F147C /* Sources */,
				BEA262D024995BCE007F147C /* Frameworks */,
				BEA262D124995BCE007F147C /* Resources */,
			);
			buildRules = (
			);
			dependencies = (
			);
			name = "cloudy-app";
			productName = "cloudy-app";
			productReference = BEA262D324995BCE007F147C /* cloudy-app.app */;
			productType = "com.apple.product-type.application";
		};
		BEA262EB24995BD2007F147C /* cloudy-appTests */ = {
			isa = PBXNativeTarget;
			buildConfigurationList = BEA2630324995BD2007F147C /* Build configuration list for PBXNativeTarget "cloudy-appTests" */;
			buildPhases = (
				BEA262E824995BD2007F147C /* Sources */,
				BEA262E924995BD2007F147C /* Frameworks */,
				BEA262EA24995BD2007F147C /* Resources */,
			);
			buildRules = (
			);
			dependencies = (
				BEA262EE24995BD2007F147C /* PBXTargetDependency */,
			);
			name = "cloudy-appTests";
			productName = "cloudy-appTests";
			productReference = BEA262EC24995BD2007F147C /* cloudy-appTests.xctest */;
			productType = "com.apple.product-type.bundle.unit-test";
		};
		BEA262F624995BD2007F147C /* cloudy-appUITests */ = {
			isa = PBXNativeTarget;
			buildConfigurationList = BEA2630624995BD2007F147C /* Build configuration list for PBXNativeTarget "cloudy-appUITests" */;
			buildPhases = (
				BEA262F324995BD2007F147C /* Sources */,
				BEA262F424995BD2007F147C /* Frameworks */,
				BEA262F524995BD2007F147C /* Resources */,
			);
			buildRules = (
			);
			dependencies = (
				BEA262F924995BD2007F147C /* PBXTargetDependency */,
			);
			name = "cloudy-appUITests";
			productName = "cloudy-appUITests";
			productReference = BEA262F724995BD2007F147C /* cloudy-appUITests.xctest */;
			productType = "com.apple.product-type.bundle.ui-testing";
		};
/* End PBXNativeTarget section */

/* Begin PBXProject section */
		BEA262CB24995BCE007F147C /* Project object */ = {
			isa = PBXProject;
			attributes = {
				LastSwiftUpdateCheck = 1150;
				LastUpgradeCheck = 1150;
				ORGANIZATIONNAME = "sorvete-napolitano";
				TargetAttributes = {
					BEA262D224995BCE007F147C = {
						CreatedOnToolsVersion = 11.5;
					};
					BEA262EB24995BD2007F147C = {
						CreatedOnToolsVersion = 11.5;
						TestTargetID = BEA262D224995BCE007F147C;
					};
					BEA262F624995BD2007F147C = {
						CreatedOnToolsVersion = 11.5;
						TestTargetID = BEA262D224995BCE007F147C;
					};
				};
			};
			buildConfigurationList = BEA262CE24995BCE007F147C /* Build configuration list for PBXProject "cloudy-app" */;
			compatibilityVersion = "Xcode 9.3";
			developmentRegion = en;
			hasScannedForEncodings = 0;
			knownRegions = (
				en,
				Base,
			);
			mainGroup = BEA262CA24995BCE007F147C;
			productRefGroup = BEA262D424995BCE007F147C /* Products */;
			projectDirPath = "";
			projectRoot = "";
			targets = (
				BEA262D224995BCE007F147C /* cloudy-app */,
				BEA262EB24995BD2007F147C /* cloudy-appTests */,
				BEA262F624995BD2007F147C /* cloudy-appUITests */,
			);
		};
/* End PBXProject section */

/* Begin PBXResourcesBuildPhase section */
		BEA262D124995BCE007F147C /* Resources */ = {
			isa = PBXResourcesBuildPhase;
			buildActionMask = 2147483647;
			files = (
				BE6DB4AA24AA32010002E56F /* TabBar.storyboard in Resources */,
				BE6DB4AE24AA32840002E56F /* SeuCeuTabBar.storyboard in Resources */,
				BE6DB4AC24AA32720002E56F /* PausasTabBar.storyboard in Resources */,
				BEA262E624995BD2007F147C /* LaunchScreen.storyboard in Resources */,
				BE6DB4B224AA3BD70002E56F /* Timer.storyboard in Resources */,
				BEA262E324995BD2007F147C /* Assets.xcassets in Resources */,
				BE6DB4B024AA32910002E56F /* VoceTabBar.storyboard in Resources */,
				BE6DB4D624ABA4A80002E56F /* Feedback.storyboard in Resources */,
				BEA262DE24995BCE007F147C /* Main.storyboard in Resources */,
				BE8DB3FE24A6115A00ADB966 /* Onboarding.storyboard in Resources */,
			);
			runOnlyForDeploymentPostprocessing = 0;
		};
		BEA262EA24995BD2007F147C /* Resources */ = {
			isa = PBXResourcesBuildPhase;
			buildActionMask = 2147483647;
			files = (
			);
			runOnlyForDeploymentPostprocessing = 0;
		};
		BEA262F524995BD2007F147C /* Resources */ = {
			isa = PBXResourcesBuildPhase;
			buildActionMask = 2147483647;
			files = (
			);
			runOnlyForDeploymentPostprocessing = 0;
		};
/* End PBXResourcesBuildPhase section */

/* Begin PBXSourcesBuildPhase section */
		BEA262CF24995BCE007F147C /* Sources */ = {
			isa = PBXSourcesBuildPhase;
			buildActionMask = 2147483647;
			files = (
				BEA262DB24995BCE007F147C /* ViewController.swift in Sources */,
				BE8DB40424A625CC00ADB966 /* OnboardingDelegateViewController.swift in Sources */,
				176D95A224ABA1BA005786CD /* CollectionViewCell.swift in Sources */,
				176D95A424ABA22C005786CD /* CollectionReusableView.swift in Sources */,
				BEA262D724995BCE007F147C /* AppDelegate.swift in Sources */,
				7D96C14024AB829B006FB6AF /* PausasViewController.swift in Sources */,
				BEA262D924995BCE007F147C /* SceneDelegate.swift in Sources */,
				176D95A024ABA0DB005786CD /* CollectionViewController.swift in Sources */,
				BE6DB4D424AB5C9E0002E56F /* TimerViewController.swift in Sources */,
				BE8DB40024A612C200ADB966 /* CustomPageViewController.swift in Sources */,
				BE8DB40224A6132100ADB966 /* DataViewController.swift in Sources */,
				BEA262E124995BCE007F147C /* cloudy_app.xcdatamodeld in Sources */,
				7D96C13E24AB704A006FB6AF /* PausasDataCollectionViewCell.swift in Sources */,
			);
			runOnlyForDeploymentPostprocessing = 0;
		};
		BEA262E824995BD2007F147C /* Sources */ = {
			isa = PBXSourcesBuildPhase;
			buildActionMask = 2147483647;
			files = (
				BEA262F124995BD2007F147C /* cloudy_appTests.swift in Sources */,
			);
			runOnlyForDeploymentPostprocessing = 0;
		};
		BEA262F324995BD2007F147C /* Sources */ = {
			isa = PBXSourcesBuildPhase;
			buildActionMask = 2147483647;
			files = (
				BEA262FC24995BD2007F147C /* cloudy_appUITests.swift in Sources */,
			);
			runOnlyForDeploymentPostprocessing = 0;
		};
/* End PBXSourcesBuildPhase section */

/* Begin PBXTargetDependency section */
		BEA262EE24995BD2007F147C /* PBXTargetDependency */ = {
			isa = PBXTargetDependency;
			target = BEA262D224995BCE007F147C /* cloudy-app */;
			targetProxy = BEA262ED24995BD2007F147C /* PBXContainerItemProxy */;
		};
		BEA262F924995BD2007F147C /* PBXTargetDependency */ = {
			isa = PBXTargetDependency;
			target = BEA262D224995BCE007F147C /* cloudy-app */;
			targetProxy = BEA262F824995BD2007F147C /* PBXContainerItemProxy */;
		};
/* End PBXTargetDependency section */

/* Begin PBXVariantGroup section */
		BEA262DC24995BCE007F147C /* Main.storyboard */ = {
			isa = PBXVariantGroup;
			children = (
				BEA262DD24995BCE007F147C /* Base */,
			);
			name = Main.storyboard;
			sourceTree = "<group>";
		};
		BEA262E424995BD2007F147C /* LaunchScreen.storyboard */ = {
			isa = PBXVariantGroup;
			children = (
				BEA262E524995BD2007F147C /* Base */,
			);
			name = LaunchScreen.storyboard;
			sourceTree = "<group>";
		};
/* End PBXVariantGroup section */

/* Begin XCBuildConfiguration section */
		BEA262FE24995BD2007F147C /* Debug */ = {
			isa = XCBuildConfiguration;
			buildSettings = {
				ALWAYS_SEARCH_USER_PATHS = NO;
				CLANG_ANALYZER_NONNULL = YES;
				CLANG_ANALYZER_NUMBER_OBJECT_CONVERSION = YES_AGGRESSIVE;
				CLANG_CXX_LANGUAGE_STANDARD = "gnu++14";
				CLANG_CXX_LIBRARY = "libc++";
				CLANG_ENABLE_MODULES = YES;
				CLANG_ENABLE_OBJC_ARC = YES;
				CLANG_ENABLE_OBJC_WEAK = YES;
				CLANG_WARN_BLOCK_CAPTURE_AUTORELEASING = YES;
				CLANG_WARN_BOOL_CONVERSION = YES;
				CLANG_WARN_COMMA = YES;
				CLANG_WARN_CONSTANT_CONVERSION = YES;
				CLANG_WARN_DEPRECATED_OBJC_IMPLEMENTATIONS = YES;
				CLANG_WARN_DIRECT_OBJC_ISA_USAGE = YES_ERROR;
				CLANG_WARN_DOCUMENTATION_COMMENTS = YES;
				CLANG_WARN_EMPTY_BODY = YES;
				CLANG_WARN_ENUM_CONVERSION = YES;
				CLANG_WARN_INFINITE_RECURSION = YES;
				CLANG_WARN_INT_CONVERSION = YES;
				CLANG_WARN_NON_LITERAL_NULL_CONVERSION = YES;
				CLANG_WARN_OBJC_IMPLICIT_RETAIN_SELF = YES;
				CLANG_WARN_OBJC_LITERAL_CONVERSION = YES;
				CLANG_WARN_OBJC_ROOT_CLASS = YES_ERROR;
				CLANG_WARN_RANGE_LOOP_ANALYSIS = YES;
				CLANG_WARN_STRICT_PROTOTYPES = YES;
				CLANG_WARN_SUSPICIOUS_MOVE = YES;
				CLANG_WARN_UNGUARDED_AVAILABILITY = YES_AGGRESSIVE;
				CLANG_WARN_UNREACHABLE_CODE = YES;
				CLANG_WARN__DUPLICATE_METHOD_MATCH = YES;
				COPY_PHASE_STRIP = NO;
				DEBUG_INFORMATION_FORMAT = dwarf;
				DEVELOPMENT_TEAM = 23WSBM7T82;
				ENABLE_STRICT_OBJC_MSGSEND = YES;
				ENABLE_TESTABILITY = YES;
				GCC_C_LANGUAGE_STANDARD = gnu11;
				GCC_DYNAMIC_NO_PIC = NO;
				GCC_NO_COMMON_BLOCKS = YES;
				GCC_OPTIMIZATION_LEVEL = 0;
				GCC_PREPROCESSOR_DEFINITIONS = (
					"DEBUG=1",
					"$(inherited)",
				);
				GCC_WARN_64_TO_32_BIT_CONVERSION = YES;
				GCC_WARN_ABOUT_RETURN_TYPE = YES_ERROR;
				GCC_WARN_UNDECLARED_SELECTOR = YES;
				GCC_WARN_UNINITIALIZED_AUTOS = YES_AGGRESSIVE;
				GCC_WARN_UNUSED_FUNCTION = YES;
				GCC_WARN_UNUSED_VARIABLE = YES;
				IPHONEOS_DEPLOYMENT_TARGET = 13.5;
				MTL_ENABLE_DEBUG_INFO = INCLUDE_SOURCE;
				MTL_FAST_MATH = YES;
				ONLY_ACTIVE_ARCH = YES;
				SDKROOT = iphoneos;
				SWIFT_ACTIVE_COMPILATION_CONDITIONS = DEBUG;
				SWIFT_OPTIMIZATION_LEVEL = "-Onone";
			};
			name = Debug;
		};
		BEA262FF24995BD2007F147C /* Release */ = {
			isa = XCBuildConfiguration;
			buildSettings = {
				ALWAYS_SEARCH_USER_PATHS = NO;
				CLANG_ANALYZER_NONNULL = YES;
				CLANG_ANALYZER_NUMBER_OBJECT_CONVERSION = YES_AGGRESSIVE;
				CLANG_CXX_LANGUAGE_STANDARD = "gnu++14";
				CLANG_CXX_LIBRARY = "libc++";
				CLANG_ENABLE_MODULES = YES;
				CLANG_ENABLE_OBJC_ARC = YES;
				CLANG_ENABLE_OBJC_WEAK = YES;
				CLANG_WARN_BLOCK_CAPTURE_AUTORELEASING = YES;
				CLANG_WARN_BOOL_CONVERSION = YES;
				CLANG_WARN_COMMA = YES;
				CLANG_WARN_CONSTANT_CONVERSION = YES;
				CLANG_WARN_DEPRECATED_OBJC_IMPLEMENTATIONS = YES;
				CLANG_WARN_DIRECT_OBJC_ISA_USAGE = YES_ERROR;
				CLANG_WARN_DOCUMENTATION_COMMENTS = YES;
				CLANG_WARN_EMPTY_BODY = YES;
				CLANG_WARN_ENUM_CONVERSION = YES;
				CLANG_WARN_INFINITE_RECURSION = YES;
				CLANG_WARN_INT_CONVERSION = YES;
				CLANG_WARN_NON_LITERAL_NULL_CONVERSION = YES;
				CLANG_WARN_OBJC_IMPLICIT_RETAIN_SELF = YES;
				CLANG_WARN_OBJC_LITERAL_CONVERSION = YES;
				CLANG_WARN_OBJC_ROOT_CLASS = YES_ERROR;
				CLANG_WARN_RANGE_LOOP_ANALYSIS = YES;
				CLANG_WARN_STRICT_PROTOTYPES = YES;
				CLANG_WARN_SUSPICIOUS_MOVE = YES;
				CLANG_WARN_UNGUARDED_AVAILABILITY = YES_AGGRESSIVE;
				CLANG_WARN_UNREACHABLE_CODE = YES;
				CLANG_WARN__DUPLICATE_METHOD_MATCH = YES;
				COPY_PHASE_STRIP = NO;
				DEBUG_INFORMATION_FORMAT = "dwarf-with-dsym";
				DEVELOPMENT_TEAM = 23WSBM7T82;
				ENABLE_NS_ASSERTIONS = NO;
				ENABLE_STRICT_OBJC_MSGSEND = YES;
				GCC_C_LANGUAGE_STANDARD = gnu11;
				GCC_NO_COMMON_BLOCKS = YES;
				GCC_WARN_64_TO_32_BIT_CONVERSION = YES;
				GCC_WARN_ABOUT_RETURN_TYPE = YES_ERROR;
				GCC_WARN_UNDECLARED_SELECTOR = YES;
				GCC_WARN_UNINITIALIZED_AUTOS = YES_AGGRESSIVE;
				GCC_WARN_UNUSED_FUNCTION = YES;
				GCC_WARN_UNUSED_VARIABLE = YES;
				IPHONEOS_DEPLOYMENT_TARGET = 13.5;
				MTL_ENABLE_DEBUG_INFO = NO;
				MTL_FAST_MATH = YES;
				SDKROOT = iphoneos;
				SWIFT_COMPILATION_MODE = wholemodule;
				SWIFT_OPTIMIZATION_LEVEL = "-O";
				VALIDATE_PRODUCT = YES;
			};
			name = Release;
		};
		BEA2630124995BD2007F147C /* Debug */ = {
			isa = XCBuildConfiguration;
			buildSettings = {
				ASSETCATALOG_COMPILER_APPICON_NAME = AppIcon;
				CODE_SIGN_STYLE = Automatic;
				DEVELOPMENT_TEAM = QH8HG84VQM;
				INFOPLIST_FILE = "cloudy-app/Info.plist";
				LD_RUNPATH_SEARCH_PATHS = (
					"$(inherited)",
					"@executable_path/Frameworks",
				);
				PRODUCT_BUNDLE_IDENTIFIER = "br.ufpe.cin.academy.cloudy-app";
				PRODUCT_NAME = "$(TARGET_NAME)";
				SWIFT_VERSION = 5.0;
				TARGETED_DEVICE_FAMILY = 1;
			};
			name = Debug;
		};
		BEA2630224995BD2007F147C /* Release */ = {
			isa = XCBuildConfiguration;
			buildSettings = {
				ASSETCATALOG_COMPILER_APPICON_NAME = AppIcon;
				CODE_SIGN_STYLE = Automatic;
				DEVELOPMENT_TEAM = QH8HG84VQM;
				INFOPLIST_FILE = "cloudy-app/Info.plist";
				LD_RUNPATH_SEARCH_PATHS = (
					"$(inherited)",
					"@executable_path/Frameworks",
				);
				PRODUCT_BUNDLE_IDENTIFIER = "br.ufpe.cin.academy.cloudy-app";
				PRODUCT_NAME = "$(TARGET_NAME)";
				SWIFT_VERSION = 5.0;
				TARGETED_DEVICE_FAMILY = 1;
			};
			name = Release;
		};
		BEA2630424995BD2007F147C /* Debug */ = {
			isa = XCBuildConfiguration;
			buildSettings = {
				ALWAYS_EMBED_SWIFT_STANDARD_LIBRARIES = YES;
				BUNDLE_LOADER = "$(TEST_HOST)";
				CODE_SIGN_STYLE = Automatic;
				DEVELOPMENT_TEAM = 23WSBM7T82;
				INFOPLIST_FILE = "cloudy-appTests/Info.plist";
				IPHONEOS_DEPLOYMENT_TARGET = 13.5;
				LD_RUNPATH_SEARCH_PATHS = (
					"$(inherited)",
					"@executable_path/Frameworks",
					"@loader_path/Frameworks",
				);
				PRODUCT_BUNDLE_IDENTIFIER = "br.ufpe.cin.academy.cloudy-appTests";
				PRODUCT_NAME = "$(TARGET_NAME)";
				SWIFT_VERSION = 5.0;
				TARGETED_DEVICE_FAMILY = "1,2";
				TEST_HOST = "$(BUILT_PRODUCTS_DIR)/cloudy-app.app/cloudy-app";
			};
			name = Debug;
		};
		BEA2630524995BD2007F147C /* Release */ = {
			isa = XCBuildConfiguration;
			buildSettings = {
				ALWAYS_EMBED_SWIFT_STANDARD_LIBRARIES = YES;
				BUNDLE_LOADER = "$(TEST_HOST)";
				CODE_SIGN_STYLE = Automatic;
				DEVELOPMENT_TEAM = 23WSBM7T82;
				INFOPLIST_FILE = "cloudy-appTests/Info.plist";
				IPHONEOS_DEPLOYMENT_TARGET = 13.5;
				LD_RUNPATH_SEARCH_PATHS = (
					"$(inherited)",
					"@executable_path/Frameworks",
					"@loader_path/Frameworks",
				);
				PRODUCT_BUNDLE_IDENTIFIER = "br.ufpe.cin.academy.cloudy-appTests";
				PRODUCT_NAME = "$(TARGET_NAME)";
				SWIFT_VERSION = 5.0;
				TARGETED_DEVICE_FAMILY = "1,2";
				TEST_HOST = "$(BUILT_PRODUCTS_DIR)/cloudy-app.app/cloudy-app";
			};
			name = Release;
		};
		BEA2630724995BD2007F147C /* Debug */ = {
			isa = XCBuildConfiguration;
			buildSettings = {
				ALWAYS_EMBED_SWIFT_STANDARD_LIBRARIES = YES;
				CODE_SIGN_STYLE = Automatic;
				DEVELOPMENT_TEAM = 23WSBM7T82;
				INFOPLIST_FILE = "cloudy-appUITests/Info.plist";
				LD_RUNPATH_SEARCH_PATHS = (
					"$(inherited)",
					"@executable_path/Frameworks",
					"@loader_path/Frameworks",
				);
				PRODUCT_BUNDLE_IDENTIFIER = "br.ufpe.cin.academy.cloudy-appUITests";
				PRODUCT_NAME = "$(TARGET_NAME)";
				SWIFT_VERSION = 5.0;
				TARGETED_DEVICE_FAMILY = "1,2";
				TEST_TARGET_NAME = "cloudy-app";
			};
			name = Debug;
		};
		BEA2630824995BD2007F147C /* Release */ = {
			isa = XCBuildConfiguration;
			buildSettings = {
				ALWAYS_EMBED_SWIFT_STANDARD_LIBRARIES = YES;
				CODE_SIGN_STYLE = Automatic;
				DEVELOPMENT_TEAM = 23WSBM7T82;
				INFOPLIST_FILE = "cloudy-appUITests/Info.plist";
				LD_RUNPATH_SEARCH_PATHS = (
					"$(inherited)",
					"@executable_path/Frameworks",
					"@loader_path/Frameworks",
				);
				PRODUCT_BUNDLE_IDENTIFIER = "br.ufpe.cin.academy.cloudy-appUITests";
				PRODUCT_NAME = "$(TARGET_NAME)";
				SWIFT_VERSION = 5.0;
				TARGETED_DEVICE_FAMILY = "1,2";
				TEST_TARGET_NAME = "cloudy-app";
			};
			name = Release;
		};
/* End XCBuildConfiguration section */

/* Begin XCConfigurationList section */
		BEA262CE24995BCE007F147C /* Build configuration list for PBXProject "cloudy-app" */ = {
			isa = XCConfigurationList;
			buildConfigurations = (
				BEA262FE24995BD2007F147C /* Debug */,
				BEA262FF24995BD2007F147C /* Release */,
			);
			defaultConfigurationIsVisible = 0;
			defaultConfigurationName = Release;
		};
		BEA2630024995BD2007F147C /* Build configuration list for PBXNativeTarget "cloudy-app" */ = {
			isa = XCConfigurationList;
			buildConfigurations = (
				BEA2630124995BD2007F147C /* Debug */,
				BEA2630224995BD2007F147C /* Release */,
			);
			defaultConfigurationIsVisible = 0;
			defaultConfigurationName = Release;
		};
		BEA2630324995BD2007F147C /* Build configuration list for PBXNativeTarget "cloudy-appTests" */ = {
			isa = XCConfigurationList;
			buildConfigurations = (
				BEA2630424995BD2007F147C /* Debug */,
				BEA2630524995BD2007F147C /* Release */,
			);
			defaultConfigurationIsVisible = 0;
			defaultConfigurationName = Release;
		};
		BEA2630624995BD2007F147C /* Build configuration list for PBXNativeTarget "cloudy-appUITests" */ = {
			isa = XCConfigurationList;
			buildConfigurations = (
				BEA2630724995BD2007F147C /* Debug */,
				BEA2630824995BD2007F147C /* Release */,
			);
			defaultConfigurationIsVisible = 0;
			defaultConfigurationName = Release;
		};
/* End XCConfigurationList section */

/* Begin XCVersionGroup section */
		BEA262DF24995BCE007F147C /* cloudy_app.xcdatamodeld */ = {
			isa = XCVersionGroup;
			children = (
				BEA262E024995BCE007F147C /* cloudy_app.xcdatamodel */,
			);
			currentVersion = BEA262E024995BCE007F147C /* cloudy_app.xcdatamodel */;
			path = cloudy_app.xcdatamodeld;
			sourceTree = "<group>";
			versionGroupType = wrapper.xcdatamodel;
		};
/* End XCVersionGroup section */
	};
	rootObject = BEA262CB24995BCE007F147C /* Project object */;
}
